{
  "version": 1,
  "dependencies": {
    "net10.0": {
      "FSharp.Core": {
        "type": "Direct",
        "requested": "[11.0.100, )",
        "resolved": "11.0.100",
        "contentHash": "uHOhmRT61RcPOTqYICfNdgB/kzCpLQK8DdNqHusS96xQZUJf0+RM5iwlkx+GmurVeUS6Pk1A2xfvqftcLLeZNw=="
      }
    }
  }
}